
Microsoft Visual Studio Solution File, Format Version 12.00
# Visual Studio 15
VisualStudioVersion = 15.0.26730.16
MinimumVisualStudioVersion = 10.0.40219.1
Project("{FAE04EC0-301F-11D3-BF4B-00C04F79EFBC}") = "H01_Variables", "H01_Variables\H01_Variables.csproj", "{60F937BF-BE8C-4AC6-85F2-33CAD1769024}"
EndProject
Project("{FAE04EC0-301F-11D3-BF4B-00C04F79EFBC}") = "H01_Variables02", "H01_Variables02\H01_Variables02.csproj", "{31574B00-4646-4B9C-AFFF-F00451A462B4}"
EndProject
Project("{FAE04EC0-301F-11D3-BF4B-00C04F79EFBC}") = "H01_LabVariables01", "H01_LabVariables01\H01_LabVariables01.csproj", "{C405FEB8-07F3-4E52-8D65-2A1EB1CCC5EE}"
EndProject
Project("{FAE04EC0-301F-11D3-BF4B-00C04F79EFBC}") = "H01_LabVariables02", "H01_LabVariables02\H01_LabVariables02.csproj", "{3B991F70-B781-43BC-B11D-372848C08492}"
EndProject
Project("{FAE04EC0-301F-11D3-BF4B-00C04F79EFBC}") = "H01_Variables3", "H01_Variables3\H01_Variables3.csproj", "{E38089E4-A67A-4681-BE79-F3675DC0371E}"
EndProject
Project("{FAE04EC0-301F-11D3-BF4B-00C04F79EFBC}") = "H01_LabVariables03", "H01_LabVariables03\H01_LabVariables03.csproj", "{B9BC06AB-99C0-4C21-8BC2-E07E7B93867A}"
EndProject
Project("{FAE04EC0-301F-11D3-BF4B-00C04F79EFBC}") = "H01_LabVariables04", "H01_LabVariables04\H01_LabVariables04.csproj", "{FC2C36BA-7D18-4B33-9F85-44B37549F3ED}"
EndProject
Project("{FAE04EC0-301F-11D3-BF4B-00C04F79EFBC}") = "H01_LabVariables05", "H01_LabVariables05\H01_LabVariables05.csproj", "{CC52BD7D-0292-411A-A2E9-FA77F0DEBC89}"
EndProject
Project("{FAE04EC0-301F-11D3-BF4B-00C04F79EFBC}") = "H01_LabVariables06", "H01_LabVariables06\H01_LabVariables06.csproj", "{C8CB08F2-3386-4E5F-AB32-B78FC5B35630}"
EndProject
Project("{FAE04EC0-301F-11D3-BF4B-00C04F79EFBC}") = "H01_LabVariables07", "H01_LabVariables07\H01_LabVariables07.csproj", "{8F50E69F-5D5C-498F-89EC-60A05A2F959E}"
EndProject
Project("{FAE04EC0-301F-11D3-BF4B-00C04F79EFBC}") = "H01Variables4", "H01Variables4\H01Variables4.csproj", "{3CCE973D-3F26-400B-8B25-7370FFF8A5FD}"
EndProject
Project("{FAE04EC0-301F-11D3-BF4B-00C04F79EFBC}") = "H01_LabVariables08", "H01_LabVariables08\H01_LabVariables08.csproj", "{DE6D3099-BECD-4678-BC8E-C47306784E0B}"
EndProject
Project("{FAE04EC0-301F-11D3-BF4B-00C04F79EFBC}") = "H02_IfAndLoops", "H02_IfAndLoops\H02_IfAndLoops.csproj", "{CA783F95-0773-4140-9276-91348D3C63BF}"
EndProject
Project("{FAE04EC0-301F-11D3-BF4B-00C04F79EFBC}") = "H02_LabIf01", "H02_LabIf01\H02_LabIf01.csproj", "{4CF904FE-1A4D-4B33-8C06-46ABFD709625}"
EndProject
Project("{FAE04EC0-301F-11D3-BF4B-00C04F79EFBC}") = "H02_LabIf02", "H02_LabIf02\H02_LabIf02.csproj", "{48CD5424-0F7C-44C6-9372-1E781F7AE68D}"
EndProject
Project("{FAE04EC0-301F-11D3-BF4B-00C04F79EFBC}") = "H02_LabIf03", "H02_LabIf03\H02_LabIf03.csproj", "{3672686E-1BD6-4A6E-9D4F-318E413F5766}"
EndProject
Project("{FAE04EC0-301F-11D3-BF4B-00C04F79EFBC}") = "H02_LabIf04", "H02_LabIf04\H02_LabIf04.csproj", "{630F1FC8-2FE9-45B5-A02E-FEA82751AD0E}"
EndProject
Project("{FAE04EC0-301F-11D3-BF4B-00C04F79EFBC}") = "H02_LabIf05", "H02_LabIf05\H02_LabIf05.csproj", "{9B199613-BCB5-442A-BBD5-2790F37C2FF3}"
EndProject
Project("{FAE04EC0-301F-11D3-BF4B-00C04F79EFBC}") = "H02_LabIf06", "H02_LabIf06\H02_LabIf06.csproj", "{C78D38AC-C946-4BA0-8A97-868E78F411B3}"
EndProject
Project("{FAE04EC0-301F-11D3-BF4B-00C04F79EFBC}") = "H02_LabIf07", "H02_LabIf07\H02_LabIf07.csproj", "{C99313E2-89D5-496A-A678-63A712A60CEB}"
EndProject
Project("{FAE04EC0-301F-11D3-BF4B-00C04F79EFBC}") = "H02_LabIf08", "H02_LabIf08\H02_LabIf08.csproj", "{D5F9DE40-7E2E-4B4F-9B00-386957323942}"
EndProject
Project("{FAE04EC0-301F-11D3-BF4B-00C04F79EFBC}") = "H02_LabIf09", "H02_LabIf09\H02_LabIf09.csproj", "{7AEB9665-207F-4990-BEA1-22E7457FC580}"
EndProject
Project("{FAE04EC0-301F-11D3-BF4B-00C04F79EFBC}") = "H02_LabSwitch01", "H02_LabSwitch01\H02_LabSwitch01.csproj", "{E2B16316-AC79-4005-B78A-B3AFA317BF07}"
EndProject
Project("{FAE04EC0-301F-11D3-BF4B-00C04F79EFBC}") = "H02_IfAndLoops_02", "H02_IfAndLoops_02\H02_IfAndLoops_02.csproj", "{BBC49A16-F0FB-4356-9AFA-8183742F227E}"
EndProject
Project("{FAE04EC0-301F-11D3-BF4B-00C04F79EFBC}") = "H02_LabLoops01", "H02_LabLoops01\H02_LabLoops01.csproj", "{9D0DFA83-8F1B-4CDA-AF32-003A157AB112}"
EndProject
Project("{FAE04EC0-301F-11D3-BF4B-00C04F79EFBC}") = "H02_LabLoops02", "H02_LabLoops02\H02_LabLoops02.csproj", "{045C7126-699E-4D76-B58B-5E943A5D0724}"
EndProject
Project("{FAE04EC0-301F-11D3-BF4B-00C04F79EFBC}") = "H02_LabLoops03", "H02_LabLoops03\H02_LabLoops03.csproj", "{CD18167B-1AB7-4A06-839A-01D86B592E63}"
EndProject
Project("{FAE04EC0-301F-11D3-BF4B-00C04F79EFBC}") = "H02_LabLoops04", "H02_LabLoops04\H02_LabLoops04.csproj", "{1C389C8E-5778-47B4-B986-610BF80B3601}"
EndProject
Project("{FAE04EC0-301F-11D3-BF4B-00C04F79EFBC}") = "H02_LabLoops05", "H02_LabLoops05\H02_LabLoops05.csproj", "{9AE8696C-DA5B-4E36-AE57-E7E4A6BD3F91}"
EndProject
Project("{FAE04EC0-301F-11D3-BF4B-00C04F79EFBC}") = "H02_LabLoops06", "H02_LabLoops06\H02_LabLoops06.csproj", "{3E2462A5-25AF-45D1-870A-3F5C052E55B8}"
EndProject
Project("{FAE04EC0-301F-11D3-BF4B-00C04F79EFBC}") = "H02_LabLoops00", "H02_LabLoops00\H02_LabLoops00.csproj", "{C28EDBB8-3FE0-4FBD-9DA7-0DBFD1DFB9A8}"
EndProject
Project("{FAE04EC0-301F-11D3-BF4B-00C04F79EFBC}") = "H02_IfAndLoops_03", "H02_IfAndLoops_03\H02_IfAndLoops_03.csproj", "{23CC0544-C56B-498A-9A0D-8555DDBFACFB}"
EndProject
Project("{FAE04EC0-301F-11D3-BF4B-00C04F79EFBC}") = "H03_Arrays01", "H03_Arrays01\H03_Arrays01.csproj", "{58597718-0936-4A2A-8D7E-2BA8686B27CE}"
EndProject
Project("{FAE04EC0-301F-11D3-BF4B-00C04F79EFBC}") = "H03_LabArrays01", "H03_LabArrays01\H03_LabArrays01.csproj", "{76A24FA9-0E9A-4788-B032-F443975D30D7}"
EndProject
Project("{FAE04EC0-301F-11D3-BF4B-00C04F79EFBC}") = "H03_LabArrays02", "H03_LabArrays02\H03_LabArrays02.csproj", "{9D3CC925-0445-4FD7-A80B-E618880BA4B2}"
EndProject
Project("{FAE04EC0-301F-11D3-BF4B-00C04F79EFBC}") = "H03_LabArrays03", "H03_LabArrays03\H03_LabArrays03.csproj", "{2B1366E4-1B3C-49B5-A433-0C28D05D0BBC}"
EndProject
Project("{FAE04EC0-301F-11D3-BF4B-00C04F79EFBC}") = "H03_LabArrays04", "H03_LabArrays04\H03_LabArrays04.csproj", "{7CCB0FF9-EC97-4F89-9170-7E4ABD8E5560}"
EndProject
Project("{FAE04EC0-301F-11D3-BF4B-00C04F79EFBC}") = "H03_LabArrays05", "H03_LabArrays05\H03_LabArrays05.csproj", "{B207C1E4-D258-4BD0-85EB-EBD8964E53B8}"
EndProject
Project("{FAE04EC0-301F-11D3-BF4B-00C04F79EFBC}") = "H03_LabArrays06", "H03_LabArrays06\H03_LabArrays06.csproj", "{5356A847-9EC4-43F4-8286-E03507FC7593}"
EndProject
Project("{FAE04EC0-301F-11D3-BF4B-00C04F79EFBC}") = "H03_LabArrays07", "H03_LabArrays07\H03_LabArrays07.csproj", "{908DA7D3-A344-4A6F-AA4A-25AE07B3F8FB}"
EndProject
Project("{FAE04EC0-301F-11D3-BF4B-00C04F79EFBC}") = "H03_LabArrays08", "H03_LabArrays08\H03_LabArrays08.csproj", "{C147042E-50FD-489C-B433-21697FDF66D1}"
EndProject
Project("{FAE04EC0-301F-11D3-BF4B-00C04F79EFBC}") = "H03_LabArrays10", "H03_LabArrays10\H03_LabArrays10.csproj", "{310BE576-717D-4FE2-90D4-3EE8821F7410}"
EndProject
Project("{FAE04EC0-301F-11D3-BF4B-00C04F79EFBC}") = "H03_LabArrays09", "H03_LabArrays09\H03_LabArrays09.csproj", "{00A2FC62-79C0-4580-97BE-0544657145B6}"
EndProject
Project("{FAE04EC0-301F-11D3-BF4B-00C04F79EFBC}") = "H03_LabArrays11", "H03_LabArrays11\H03_LabArrays11.csproj", "{C0268EFF-384E-45DA-93D0-87AD265B0EED}"
EndProject
Project("{FAE04EC0-301F-11D3-BF4B-00C04F79EFBC}") = "H03_LabArrays12", "H03_LabArrays12\H03_LabArrays12.csproj", "{487183C9-DAC6-4383-B91E-DD1F42F57C5F}"
EndProject
Project("{FAE04EC0-301F-11D3-BF4B-00C04F79EFBC}") = "H03_LabArrays13", "H03_LabArrays13\H03_LabArrays13.csproj", "{C55EEACC-3B74-451D-A022-EFF8DA3E4215}"
EndProject
Project("{FAE04EC0-301F-11D3-BF4B-00C04F79EFBC}") = "H03_LabArrays14", "H03_LabArrays14\H03_LabArrays14.csproj", "{AFA7899F-2E37-4D76-A7C3-D6D9FA4A75A9}"
EndProject
Global
	GlobalSection(SolutionConfigurationPlatforms) = preSolution
		Debug|Any CPU = Debug|Any CPU
		Release|Any CPU = Release|Any CPU
	EndGlobalSection
	GlobalSection(ProjectConfigurationPlatforms) = postSolution
		{60F937BF-BE8C-4AC6-85F2-33CAD1769024}.Debug|Any CPU.ActiveCfg = Debug|Any CPU
		{60F937BF-BE8C-4AC6-85F2-33CAD1769024}.Debug|Any CPU.Build.0 = Debug|Any CPU
		{60F937BF-BE8C-4AC6-85F2-33CAD1769024}.Release|Any CPU.ActiveCfg = Release|Any CPU
		{60F937BF-BE8C-4AC6-85F2-33CAD1769024}.Release|Any CPU.Build.0 = Release|Any CPU
		{31574B00-4646-4B9C-AFFF-F00451A462B4}.Debug|Any CPU.ActiveCfg = Debug|Any CPU
		{31574B00-4646-4B9C-AFFF-F00451A462B4}.Debug|Any CPU.Build.0 = Debug|Any CPU
		{31574B00-4646-4B9C-AFFF-F00451A462B4}.Release|Any CPU.ActiveCfg = Release|Any CPU
		{31574B00-4646-4B9C-AFFF-F00451A462B4}.Release|Any CPU.Build.0 = Release|Any CPU
		{C405FEB8-07F3-4E52-8D65-2A1EB1CCC5EE}.Debug|Any CPU.ActiveCfg = Debug|Any CPU
		{C405FEB8-07F3-4E52-8D65-2A1EB1CCC5EE}.Debug|Any CPU.Build.0 = Debug|Any CPU
		{C405FEB8-07F3-4E52-8D65-2A1EB1CCC5EE}.Release|Any CPU.ActiveCfg = Release|Any CPU
		{C405FEB8-07F3-4E52-8D65-2A1EB1CCC5EE}.Release|Any CPU.Build.0 = Release|Any CPU
		{3B991F70-B781-43BC-B11D-372848C08492}.Debug|Any CPU.ActiveCfg = Debug|Any CPU
		{3B991F70-B781-43BC-B11D-372848C08492}.Debug|Any CPU.Build.0 = Debug|Any CPU
		{3B991F70-B781-43BC-B11D-372848C08492}.Release|Any CPU.ActiveCfg = Release|Any CPU
		{3B991F70-B781-43BC-B11D-372848C08492}.Release|Any CPU.Build.0 = Release|Any CPU
		{E38089E4-A67A-4681-BE79-F3675DC0371E}.Debug|Any CPU.ActiveCfg = Debug|Any CPU
		{E38089E4-A67A-4681-BE79-F3675DC0371E}.Debug|Any CPU.Build.0 = Debug|Any CPU
		{E38089E4-A67A-4681-BE79-F3675DC0371E}.Release|Any CPU.ActiveCfg = Release|Any CPU
		{E38089E4-A67A-4681-BE79-F3675DC0371E}.Release|Any CPU.Build.0 = Release|Any CPU
		{B9BC06AB-99C0-4C21-8BC2-E07E7B93867A}.Debug|Any CPU.ActiveCfg = Debug|Any CPU
		{B9BC06AB-99C0-4C21-8BC2-E07E7B93867A}.Debug|Any CPU.Build.0 = Debug|Any CPU
		{B9BC06AB-99C0-4C21-8BC2-E07E7B93867A}.Release|Any CPU.ActiveCfg = Release|Any CPU
		{B9BC06AB-99C0-4C21-8BC2-E07E7B93867A}.Release|Any CPU.Build.0 = Release|Any CPU
		{FC2C36BA-7D18-4B33-9F85-44B37549F3ED}.Debug|Any CPU.ActiveCfg = Debug|Any CPU
		{FC2C36BA-7D18-4B33-9F85-44B37549F3ED}.Debug|Any CPU.Build.0 = Debug|Any CPU
		{FC2C36BA-7D18-4B33-9F85-44B37549F3ED}.Release|Any CPU.ActiveCfg = Release|Any CPU
		{FC2C36BA-7D18-4B33-9F85-44B37549F3ED}.Release|Any CPU.Build.0 = Release|Any CPU
		{CC52BD7D-0292-411A-A2E9-FA77F0DEBC89}.Debug|Any CPU.ActiveCfg = Debug|Any CPU
		{CC52BD7D-0292-411A-A2E9-FA77F0DEBC89}.Debug|Any CPU.Build.0 = Debug|Any CPU
		{CC52BD7D-0292-411A-A2E9-FA77F0DEBC89}.Release|Any CPU.ActiveCfg = Release|Any CPU
		{CC52BD7D-0292-411A-A2E9-FA77F0DEBC89}.Release|Any CPU.Build.0 = Release|Any CPU
		{C8CB08F2-3386-4E5F-AB32-B78FC5B35630}.Debug|Any CPU.ActiveCfg = Debug|Any CPU
		{C8CB08F2-3386-4E5F-AB32-B78FC5B35630}.Debug|Any CPU.Build.0 = Debug|Any CPU
		{C8CB08F2-3386-4E5F-AB32-B78FC5B35630}.Release|Any CPU.ActiveCfg = Release|Any CPU
		{C8CB08F2-3386-4E5F-AB32-B78FC5B35630}.Release|Any CPU.Build.0 = Release|Any CPU
		{8F50E69F-5D5C-498F-89EC-60A05A2F959E}.Debug|Any CPU.ActiveCfg = Debug|Any CPU
		{8F50E69F-5D5C-498F-89EC-60A05A2F959E}.Debug|Any CPU.Build.0 = Debug|Any CPU
		{8F50E69F-5D5C-498F-89EC-60A05A2F959E}.Release|Any CPU.ActiveCfg = Release|Any CPU
		{8F50E69F-5D5C-498F-89EC-60A05A2F959E}.Release|Any CPU.Build.0 = Release|Any CPU
		{3CCE973D-3F26-400B-8B25-7370FFF8A5FD}.Debug|Any CPU.ActiveCfg = Debug|Any CPU
		{3CCE973D-3F26-400B-8B25-7370FFF8A5FD}.Debug|Any CPU.Build.0 = Debug|Any CPU
		{3CCE973D-3F26-400B-8B25-7370FFF8A5FD}.Release|Any CPU.ActiveCfg = Release|Any CPU
		{3CCE973D-3F26-400B-8B25-7370FFF8A5FD}.Release|Any CPU.Build.0 = Release|Any CPU
		{DE6D3099-BECD-4678-BC8E-C47306784E0B}.Debug|Any CPU.ActiveCfg = Debug|Any CPU
		{DE6D3099-BECD-4678-BC8E-C47306784E0B}.Debug|Any CPU.Build.0 = Debug|Any CPU
		{DE6D3099-BECD-4678-BC8E-C47306784E0B}.Release|Any CPU.ActiveCfg = Release|Any CPU
		{DE6D3099-BECD-4678-BC8E-C47306784E0B}.Release|Any CPU.Build.0 = Release|Any CPU
		{CA783F95-0773-4140-9276-91348D3C63BF}.Debug|Any CPU.ActiveCfg = Debug|Any CPU
		{CA783F95-0773-4140-9276-91348D3C63BF}.Debug|Any CPU.Build.0 = Debug|Any CPU
		{CA783F95-0773-4140-9276-91348D3C63BF}.Release|Any CPU.ActiveCfg = Release|Any CPU
		{CA783F95-0773-4140-9276-91348D3C63BF}.Release|Any CPU.Build.0 = Release|Any CPU
		{4CF904FE-1A4D-4B33-8C06-46ABFD709625}.Debug|Any CPU.ActiveCfg = Debug|Any CPU
		{4CF904FE-1A4D-4B33-8C06-46ABFD709625}.Debug|Any CPU.Build.0 = Debug|Any CPU
		{4CF904FE-1A4D-4B33-8C06-46ABFD709625}.Release|Any CPU.ActiveCfg = Release|Any CPU
		{4CF904FE-1A4D-4B33-8C06-46ABFD709625}.Release|Any CPU.Build.0 = Release|Any CPU
		{48CD5424-0F7C-44C6-9372-1E781F7AE68D}.Debug|Any CPU.ActiveCfg = Debug|Any CPU
		{48CD5424-0F7C-44C6-9372-1E781F7AE68D}.Debug|Any CPU.Build.0 = Debug|Any CPU
		{48CD5424-0F7C-44C6-9372-1E781F7AE68D}.Release|Any CPU.ActiveCfg = Release|Any CPU
		{48CD5424-0F7C-44C6-9372-1E781F7AE68D}.Release|Any CPU.Build.0 = Release|Any CPU
		{3672686E-1BD6-4A6E-9D4F-318E413F5766}.Debug|Any CPU.ActiveCfg = Debug|Any CPU
		{3672686E-1BD6-4A6E-9D4F-318E413F5766}.Debug|Any CPU.Build.0 = Debug|Any CPU
		{3672686E-1BD6-4A6E-9D4F-318E413F5766}.Release|Any CPU.ActiveCfg = Release|Any CPU
		{3672686E-1BD6-4A6E-9D4F-318E413F5766}.Release|Any CPU.Build.0 = Release|Any CPU
		{630F1FC8-2FE9-45B5-A02E-FEA82751AD0E}.Debug|Any CPU.ActiveCfg = Debug|Any CPU
		{630F1FC8-2FE9-45B5-A02E-FEA82751AD0E}.Debug|Any CPU.Build.0 = Debug|Any CPU
		{630F1FC8-2FE9-45B5-A02E-FEA82751AD0E}.Release|Any CPU.ActiveCfg = Release|Any CPU
		{630F1FC8-2FE9-45B5-A02E-FEA82751AD0E}.Release|Any CPU.Build.0 = Release|Any CPU
		{9B199613-BCB5-442A-BBD5-2790F37C2FF3}.Debug|Any CPU.ActiveCfg = Debug|Any CPU
		{9B199613-BCB5-442A-BBD5-2790F37C2FF3}.Debug|Any CPU.Build.0 = Debug|Any CPU
		{9B199613-BCB5-442A-BBD5-2790F37C2FF3}.Release|Any CPU.ActiveCfg = Release|Any CPU
		{9B199613-BCB5-442A-BBD5-2790F37C2FF3}.Release|Any CPU.Build.0 = Release|Any CPU
		{C78D38AC-C946-4BA0-8A97-868E78F411B3}.Debug|Any CPU.ActiveCfg = Debug|Any CPU
		{C78D38AC-C946-4BA0-8A97-868E78F411B3}.Debug|Any CPU.Build.0 = Debug|Any CPU
		{C78D38AC-C946-4BA0-8A97-868E78F411B3}.Release|Any CPU.ActiveCfg = Release|Any CPU
		{C78D38AC-C946-4BA0-8A97-868E78F411B3}.Release|Any CPU.Build.0 = Release|Any CPU
		{C99313E2-89D5-496A-A678-63A712A60CEB}.Debug|Any CPU.ActiveCfg = Debug|Any CPU
		{C99313E2-89D5-496A-A678-63A712A60CEB}.Debug|Any CPU.Build.0 = Debug|Any CPU
		{C99313E2-89D5-496A-A678-63A712A60CEB}.Release|Any CPU.ActiveCfg = Release|Any CPU
		{C99313E2-89D5-496A-A678-63A712A60CEB}.Release|Any CPU.Build.0 = Release|Any CPU
		{D5F9DE40-7E2E-4B4F-9B00-386957323942}.Debug|Any CPU.ActiveCfg = Debug|Any CPU
		{D5F9DE40-7E2E-4B4F-9B00-386957323942}.Debug|Any CPU.Build.0 = Debug|Any CPU
		{D5F9DE40-7E2E-4B4F-9B00-386957323942}.Release|Any CPU.ActiveCfg = Release|Any CPU
		{D5F9DE40-7E2E-4B4F-9B00-386957323942}.Release|Any CPU.Build.0 = Release|Any CPU
		{7AEB9665-207F-4990-BEA1-22E7457FC580}.Debug|Any CPU.ActiveCfg = Debug|Any CPU
		{7AEB9665-207F-4990-BEA1-22E7457FC580}.Debug|Any CPU.Build.0 = Debug|Any CPU
		{7AEB9665-207F-4990-BEA1-22E7457FC580}.Release|Any CPU.ActiveCfg = Release|Any CPU
		{7AEB9665-207F-4990-BEA1-22E7457FC580}.Release|Any CPU.Build.0 = Release|Any CPU
		{E2B16316-AC79-4005-B78A-B3AFA317BF07}.Debug|Any CPU.ActiveCfg = Debug|Any CPU
		{E2B16316-AC79-4005-B78A-B3AFA317BF07}.Debug|Any CPU.Build.0 = Debug|Any CPU
		{E2B16316-AC79-4005-B78A-B3AFA317BF07}.Release|Any CPU.ActiveCfg = Release|Any CPU
		{E2B16316-AC79-4005-B78A-B3AFA317BF07}.Release|Any CPU.Build.0 = Release|Any CPU
		{BBC49A16-F0FB-4356-9AFA-8183742F227E}.Debug|Any CPU.ActiveCfg = Debug|Any CPU
		{BBC49A16-F0FB-4356-9AFA-8183742F227E}.Debug|Any CPU.Build.0 = Debug|Any CPU
		{BBC49A16-F0FB-4356-9AFA-8183742F227E}.Release|Any CPU.ActiveCfg = Release|Any CPU
		{BBC49A16-F0FB-4356-9AFA-8183742F227E}.Release|Any CPU.Build.0 = Release|Any CPU
		{9D0DFA83-8F1B-4CDA-AF32-003A157AB112}.Debug|Any CPU.ActiveCfg = Debug|Any CPU
		{9D0DFA83-8F1B-4CDA-AF32-003A157AB112}.Debug|Any CPU.Build.0 = Debug|Any CPU
		{9D0DFA83-8F1B-4CDA-AF32-003A157AB112}.Release|Any CPU.ActiveCfg = Release|Any CPU
		{9D0DFA83-8F1B-4CDA-AF32-003A157AB112}.Release|Any CPU.Build.0 = Release|Any CPU
		{045C7126-699E-4D76-B58B-5E943A5D0724}.Debug|Any CPU.ActiveCfg = Debug|Any CPU
		{045C7126-699E-4D76-B58B-5E943A5D0724}.Debug|Any CPU.Build.0 = Debug|Any CPU
		{045C7126-699E-4D76-B58B-5E943A5D0724}.Release|Any CPU.ActiveCfg = Release|Any CPU
		{045C7126-699E-4D76-B58B-5E943A5D0724}.Release|Any CPU.Build.0 = Release|Any CPU
		{CD18167B-1AB7-4A06-839A-01D86B592E63}.Debug|Any CPU.ActiveCfg = Debug|Any CPU
		{CD18167B-1AB7-4A06-839A-01D86B592E63}.Debug|Any CPU.Build.0 = Debug|Any CPU
		{CD18167B-1AB7-4A06-839A-01D86B592E63}.Release|Any CPU.ActiveCfg = Release|Any CPU
		{CD18167B-1AB7-4A06-839A-01D86B592E63}.Release|Any CPU.Build.0 = Release|Any CPU
		{1C389C8E-5778-47B4-B986-610BF80B3601}.Debug|Any CPU.ActiveCfg = Debug|Any CPU
		{1C389C8E-5778-47B4-B986-610BF80B3601}.Debug|Any CPU.Build.0 = Debug|Any CPU
		{1C389C8E-5778-47B4-B986-610BF80B3601}.Release|Any CPU.ActiveCfg = Release|Any CPU
		{1C389C8E-5778-47B4-B986-610BF80B3601}.Release|Any CPU.Build.0 = Release|Any CPU
		{9AE8696C-DA5B-4E36-AE57-E7E4A6BD3F91}.Debug|Any CPU.ActiveCfg = Debug|Any CPU
		{9AE8696C-DA5B-4E36-AE57-E7E4A6BD3F91}.Debug|Any CPU.Build.0 = Debug|Any CPU
		{9AE8696C-DA5B-4E36-AE57-E7E4A6BD3F91}.Release|Any CPU.ActiveCfg = Release|Any CPU
		{9AE8696C-DA5B-4E36-AE57-E7E4A6BD3F91}.Release|Any CPU.Build.0 = Release|Any CPU
		{3E2462A5-25AF-45D1-870A-3F5C052E55B8}.Debug|Any CPU.ActiveCfg = Debug|Any CPU
		{3E2462A5-25AF-45D1-870A-3F5C052E55B8}.Debug|Any CPU.Build.0 = Debug|Any CPU
		{3E2462A5-25AF-45D1-870A-3F5C052E55B8}.Release|Any CPU.ActiveCfg = Release|Any CPU
		{3E2462A5-25AF-45D1-870A-3F5C052E55B8}.Release|Any CPU.Build.0 = Release|Any CPU
		{C28EDBB8-3FE0-4FBD-9DA7-0DBFD1DFB9A8}.Debug|Any CPU.ActiveCfg = Debug|Any CPU
		{C28EDBB8-3FE0-4FBD-9DA7-0DBFD1DFB9A8}.Debug|Any CPU.Build.0 = Debug|Any CPU
		{C28EDBB8-3FE0-4FBD-9DA7-0DBFD1DFB9A8}.Release|Any CPU.ActiveCfg = Release|Any CPU
		{C28EDBB8-3FE0-4FBD-9DA7-0DBFD1DFB9A8}.Release|Any CPU.Build.0 = Release|Any CPU
		{23CC0544-C56B-498A-9A0D-8555DDBFACFB}.Debug|Any CPU.ActiveCfg = Debug|Any CPU
		{23CC0544-C56B-498A-9A0D-8555DDBFACFB}.Debug|Any CPU.Build.0 = Debug|Any CPU
		{23CC0544-C56B-498A-9A0D-8555DDBFACFB}.Release|Any CPU.ActiveCfg = Release|Any CPU
		{23CC0544-C56B-498A-9A0D-8555DDBFACFB}.Release|Any CPU.Build.0 = Release|Any CPU
		{58597718-0936-4A2A-8D7E-2BA8686B27CE}.Debug|Any CPU.ActiveCfg = Debug|Any CPU
		{58597718-0936-4A2A-8D7E-2BA8686B27CE}.Debug|Any CPU.Build.0 = Debug|Any CPU
		{58597718-0936-4A2A-8D7E-2BA8686B27CE}.Release|Any CPU.ActiveCfg = Release|Any CPU
		{58597718-0936-4A2A-8D7E-2BA8686B27CE}.Release|Any CPU.Build.0 = Release|Any CPU
		{76A24FA9-0E9A-4788-B032-F443975D30D7}.Debug|Any CPU.ActiveCfg = Debug|Any CPU
		{76A24FA9-0E9A-4788-B032-F443975D30D7}.Debug|Any CPU.Build.0 = Debug|Any CPU
		{76A24FA9-0E9A-4788-B032-F443975D30D7}.Release|Any CPU.ActiveCfg = Release|Any CPU
		{76A24FA9-0E9A-4788-B032-F443975D30D7}.Release|Any CPU.Build.0 = Release|Any CPU
		{9D3CC925-0445-4FD7-A80B-E618880BA4B2}.Debug|Any CPU.ActiveCfg = Debug|Any CPU
		{9D3CC925-0445-4FD7-A80B-E618880BA4B2}.Debug|Any CPU.Build.0 = Debug|Any CPU
		{9D3CC925-0445-4FD7-A80B-E618880BA4B2}.Release|Any CPU.ActiveCfg = Release|Any CPU
		{9D3CC925-0445-4FD7-A80B-E618880BA4B2}.Release|Any CPU.Build.0 = Release|Any CPU
		{2B1366E4-1B3C-49B5-A433-0C28D05D0BBC}.Debug|Any CPU.ActiveCfg = Debug|Any CPU
		{2B1366E4-1B3C-49B5-A433-0C28D05D0BBC}.Debug|Any CPU.Build.0 = Debug|Any CPU
		{2B1366E4-1B3C-49B5-A433-0C28D05D0BBC}.Release|Any CPU.ActiveCfg = Release|Any CPU
		{2B1366E4-1B3C-49B5-A433-0C28D05D0BBC}.Release|Any CPU.Build.0 = Release|Any CPU
		{7CCB0FF9-EC97-4F89-9170-7E4ABD8E5560}.Debug|Any CPU.ActiveCfg = Debug|Any CPU
		{7CCB0FF9-EC97-4F89-9170-7E4ABD8E5560}.Debug|Any CPU.Build.0 = Debug|Any CPU
		{7CCB0FF9-EC97-4F89-9170-7E4ABD8E5560}.Release|Any CPU.ActiveCfg = Release|Any CPU
		{7CCB0FF9-EC97-4F89-9170-7E4ABD8E5560}.Release|Any CPU.Build.0 = Release|Any CPU
		{B207C1E4-D258-4BD0-85EB-EBD8964E53B8}.Debug|Any CPU.ActiveCfg = Debug|Any CPU
		{B207C1E4-D258-4BD0-85EB-EBD8964E53B8}.Debug|Any CPU.Build.0 = Debug|Any CPU
		{B207C1E4-D258-4BD0-85EB-EBD8964E53B8}.Release|Any CPU.ActiveCfg = Release|Any CPU
		{B207C1E4-D258-4BD0-85EB-EBD8964E53B8}.Release|Any CPU.Build.0 = Release|Any CPU
		{5356A847-9EC4-43F4-8286-E03507FC7593}.Debug|Any CPU.ActiveCfg = Debug|Any CPU
		{5356A847-9EC4-43F4-8286-E03507FC7593}.Debug|Any CPU.Build.0 = Debug|Any CPU
		{5356A847-9EC4-43F4-8286-E03507FC7593}.Release|Any CPU.ActiveCfg = Release|Any CPU
		{5356A847-9EC4-43F4-8286-E03507FC7593}.Release|Any CPU.Build.0 = Release|Any CPU
		{908DA7D3-A344-4A6F-AA4A-25AE07B3F8FB}.Debug|Any CPU.ActiveCfg = Debug|Any CPU
		{908DA7D3-A344-4A6F-AA4A-25AE07B3F8FB}.Debug|Any CPU.Build.0 = Debug|Any CPU
		{908DA7D3-A344-4A6F-AA4A-25AE07B3F8FB}.Release|Any CPU.ActiveCfg = Release|Any CPU
		{908DA7D3-A344-4A6F-AA4A-25AE07B3F8FB}.Release|Any CPU.Build.0 = Release|Any CPU
		{C147042E-50FD-489C-B433-21697FDF66D1}.Debug|Any CPU.ActiveCfg = Debug|Any CPU
		{C147042E-50FD-489C-B433-21697FDF66D1}.Debug|Any CPU.Build.0 = Debug|Any CPU
		{C147042E-50FD-489C-B433-21697FDF66D1}.Release|Any CPU.ActiveCfg = Release|Any CPU
		{C147042E-50FD-489C-B433-21697FDF66D1}.Release|Any CPU.Build.0 = Release|Any CPU
		{310BE576-717D-4FE2-90D4-3EE8821F7410}.Debug|Any CPU.ActiveCfg = Debug|Any CPU
		{310BE576-717D-4FE2-90D4-3EE8821F7410}.Debug|Any CPU.Build.0 = Debug|Any CPU
		{310BE576-717D-4FE2-90D4-3EE8821F7410}.Release|Any CPU.ActiveCfg = Release|Any CPU
		{310BE576-717D-4FE2-90D4-3EE8821F7410}.Release|Any CPU.Build.0 = Release|Any CPU
		{00A2FC62-79C0-4580-97BE-0544657145B6}.Debug|Any CPU.ActiveCfg = Debug|Any CPU
		{00A2FC62-79C0-4580-97BE-0544657145B6}.Debug|Any CPU.Build.0 = Debug|Any CPU
		{00A2FC62-79C0-4580-97BE-0544657145B6}.Release|Any CPU.ActiveCfg = Release|Any CPU
		{00A2FC62-79C0-4580-97BE-0544657145B6}.Release|Any CPU.Build.0 = Release|Any CPU
		{C0268EFF-384E-45DA-93D0-87AD265B0EED}.Debug|Any CPU.ActiveCfg = Debug|Any CPU
		{C0268EFF-384E-45DA-93D0-87AD265B0EED}.Debug|Any CPU.Build.0 = Debug|Any CPU
		{C0268EFF-384E-45DA-93D0-87AD265B0EED}.Release|Any CPU.ActiveCfg = Release|Any CPU
		{C0268EFF-384E-45DA-93D0-87AD265B0EED}.Release|Any CPU.Build.0 = Release|Any CPU
		{487183C9-DAC6-4383-B91E-DD1F42F57C5F}.Debug|Any CPU.ActiveCfg = Debug|Any CPU
		{487183C9-DAC6-4383-B91E-DD1F42F57C5F}.Debug|Any CPU.Build.0 = Debug|Any CPU
		{487183C9-DAC6-4383-B91E-DD1F42F57C5F}.Release|Any CPU.ActiveCfg = Release|Any CPU
		{487183C9-DAC6-4383-B91E-DD1F42F57C5F}.Release|Any CPU.Build.0 = Release|Any CPU
		{C55EEACC-3B74-451D-A022-EFF8DA3E4215}.Debug|Any CPU.ActiveCfg = Debug|Any CPU
		{C55EEACC-3B74-451D-A022-EFF8DA3E4215}.Debug|Any CPU.Build.0 = Debug|Any CPU
		{C55EEACC-3B74-451D-A022-EFF8DA3E4215}.Release|Any CPU.ActiveCfg = Release|Any CPU
		{C55EEACC-3B74-451D-A022-EFF8DA3E4215}.Release|Any CPU.Build.0 = Release|Any CPU
		{AFA7899F-2E37-4D76-A7C3-D6D9FA4A75A9}.Debug|Any CPU.ActiveCfg = Debug|Any CPU
		{AFA7899F-2E37-4D76-A7C3-D6D9FA4A75A9}.Debug|Any CPU.Build.0 = Debug|Any CPU
		{AFA7899F-2E37-4D76-A7C3-D6D9FA4A75A9}.Release|Any CPU.ActiveCfg = Release|Any CPU
		{AFA7899F-2E37-4D76-A7C3-D6D9FA4A75A9}.Release|Any CPU.Build.0 = Release|Any CPU
	EndGlobalSection
	GlobalSection(SolutionProperties) = preSolution
		HideSolutionNode = FALSE
	EndGlobalSection
	GlobalSection(ExtensibilityGlobals) = postSolution
		SolutionGuid = {CB3858E1-2479-4B0B-9270-023062607801}
	EndGlobalSection
EndGlobal
