
Microsoft Visual Studio Solution File, Format Version 12.00
# Visual Studio 15
VisualStudioVersion = 15.0.26730.16
MinimumVisualStudioVersion = 10.0.40219.1
Project("{FAE04EC0-301F-11D3-BF4B-00C04F79EFBC}") = "H01_Variables", "H01_Variables\H01_Variables.csproj", "{60F937BF-BE8C-4AC6-85F2-33CAD1769024}"
EndProject
Project("{FAE04EC0-301F-11D3-BF4B-00C04F79EFBC}") = "H01_Variables02", "H01_Variables02\H01_Variables02.csproj", "{31574B00-4646-4B9C-AFFF-F00451A462B4}"
EndProject
Project("{FAE04EC0-301F-11D3-BF4B-00C04F79EFBC}") = "H01_LabVariables01", "H01_LabVariables01\H01_LabVariables01.csproj", "{C405FEB8-07F3-4E52-8D65-2A1EB1CCC5EE}"
EndProject
Project("{FAE04EC0-301F-11D3-BF4B-00C04F79EFBC}") = "H01_LabVariables02", "H01_LabVariables02\H01_LabVariables02.csproj", "{3B991F70-B781-43BC-B11D-372848C08492}"
EndProject
Project("{FAE04EC0-301F-11D3-BF4B-00C04F79EFBC}") = "H01_Variables3", "H01_Variables3\H01_Variables3.csproj", "{E38089E4-A67A-4681-BE79-F3675DC0371E}"
EndProject
Project("{FAE04EC0-301F-11D3-BF4B-00C04F79EFBC}") = "H01_LabVariables03", "H01_LabVariables03\H01_LabVariables03.csproj", "{B9BC06AB-99C0-4C21-8BC2-E07E7B93867A}"
EndProject
Project("{FAE04EC0-301F-11D3-BF4B-00C04F79EFBC}") = "H01_LabVariables04", "H01_LabVariables04\H01_LabVariables04.csproj", "{FC2C36BA-7D18-4B33-9F85-44B37549F3ED}"
EndProject
Project("{FAE04EC0-301F-11D3-BF4B-00C04F79EFBC}") = "H01_LabVariables05", "H01_LabVariables05\H01_LabVariables05.csproj", "{CC52BD7D-0292-411A-A2E9-FA77F0DEBC89}"
EndProject
Project("{FAE04EC0-301F-11D3-BF4B-00C04F79EFBC}") = "H01_LabVariables06", "H01_LabVariables06\H01_LabVariables06.csproj", "{C8CB08F2-3386-4E5F-AB32-B78FC5B35630}"
EndProject
Project("{FAE04EC0-301F-11D3-BF4B-00C04F79EFBC}") = "H01_LabVariables07", "H01_LabVariables07\H01_LabVariables07.csproj", "{8F50E69F-5D5C-498F-89EC-60A05A2F959E}"
EndProject
Global
	GlobalSection(SolutionConfigurationPlatforms) = preSolution
		Debug|Any CPU = Debug|Any CPU
		Release|Any CPU = Release|Any CPU
	EndGlobalSection
	GlobalSection(ProjectConfigurationPlatforms) = postSolution
		{60F937BF-BE8C-4AC6-85F2-33CAD1769024}.Debug|Any CPU.ActiveCfg = Debug|Any CPU
		{60F937BF-BE8C-4AC6-85F2-33CAD1769024}.Debug|Any CPU.Build.0 = Debug|Any CPU
		{60F937BF-BE8C-4AC6-85F2-33CAD1769024}.Release|Any CPU.ActiveCfg = Release|Any CPU
		{60F937BF-BE8C-4AC6-85F2-33CAD1769024}.Release|Any CPU.Build.0 = Release|Any CPU
		{31574B00-4646-4B9C-AFFF-F00451A462B4}.Debug|Any CPU.ActiveCfg = Debug|Any CPU
		{31574B00-4646-4B9C-AFFF-F00451A462B4}.Debug|Any CPU.Build.0 = Debug|Any CPU
		{31574B00-4646-4B9C-AFFF-F00451A462B4}.Release|Any CPU.ActiveCfg = Release|Any CPU
		{31574B00-4646-4B9C-AFFF-F00451A462B4}.Release|Any CPU.Build.0 = Release|Any CPU
		{C405FEB8-07F3-4E52-8D65-2A1EB1CCC5EE}.Debug|Any CPU.ActiveCfg = Debug|Any CPU
		{C405FEB8-07F3-4E52-8D65-2A1EB1CCC5EE}.Debug|Any CPU.Build.0 = Debug|Any CPU
		{C405FEB8-07F3-4E52-8D65-2A1EB1CCC5EE}.Release|Any CPU.ActiveCfg = Release|Any CPU
		{C405FEB8-07F3-4E52-8D65-2A1EB1CCC5EE}.Release|Any CPU.Build.0 = Release|Any CPU
		{3B991F70-B781-43BC-B11D-372848C08492}.Debug|Any CPU.ActiveCfg = Debug|Any CPU
		{3B991F70-B781-43BC-B11D-372848C08492}.Debug|Any CPU.Build.0 = Debug|Any CPU
		{3B991F70-B781-43BC-B11D-372848C08492}.Release|Any CPU.ActiveCfg = Release|Any CPU
		{3B991F70-B781-43BC-B11D-372848C08492}.Release|Any CPU.Build.0 = Release|Any CPU
		{E38089E4-A67A-4681-BE79-F3675DC0371E}.Debug|Any CPU.ActiveCfg = Debug|Any CPU
		{E38089E4-A67A-4681-BE79-F3675DC0371E}.Debug|Any CPU.Build.0 = Debug|Any CPU
		{E38089E4-A67A-4681-BE79-F3675DC0371E}.Release|Any CPU.ActiveCfg = Release|Any CPU
		{E38089E4-A67A-4681-BE79-F3675DC0371E}.Release|Any CPU.Build.0 = Release|Any CPU
		{B9BC06AB-99C0-4C21-8BC2-E07E7B93867A}.Debug|Any CPU.ActiveCfg = Debug|Any CPU
		{B9BC06AB-99C0-4C21-8BC2-E07E7B93867A}.Debug|Any CPU.Build.0 = Debug|Any CPU
		{B9BC06AB-99C0-4C21-8BC2-E07E7B93867A}.Release|Any CPU.ActiveCfg = Release|Any CPU
		{B9BC06AB-99C0-4C21-8BC2-E07E7B93867A}.Release|Any CPU.Build.0 = Release|Any CPU
		{FC2C36BA-7D18-4B33-9F85-44B37549F3ED}.Debug|Any CPU.ActiveCfg = Debug|Any CPU
		{FC2C36BA-7D18-4B33-9F85-44B37549F3ED}.Debug|Any CPU.Build.0 = Debug|Any CPU
		{FC2C36BA-7D18-4B33-9F85-44B37549F3ED}.Release|Any CPU.ActiveCfg = Release|Any CPU
		{FC2C36BA-7D18-4B33-9F85-44B37549F3ED}.Release|Any CPU.Build.0 = Release|Any CPU
		{CC52BD7D-0292-411A-A2E9-FA77F0DEBC89}.Debug|Any CPU.ActiveCfg = Debug|Any CPU
		{CC52BD7D-0292-411A-A2E9-FA77F0DEBC89}.Debug|Any CPU.Build.0 = Debug|Any CPU
		{CC52BD7D-0292-411A-A2E9-FA77F0DEBC89}.Release|Any CPU.ActiveCfg = Release|Any CPU
		{CC52BD7D-0292-411A-A2E9-FA77F0DEBC89}.Release|Any CPU.Build.0 = Release|Any CPU
		{C8CB08F2-3386-4E5F-AB32-B78FC5B35630}.Debug|Any CPU.ActiveCfg = Debug|Any CPU
		{C8CB08F2-3386-4E5F-AB32-B78FC5B35630}.Debug|Any CPU.Build.0 = Debug|Any CPU
		{C8CB08F2-3386-4E5F-AB32-B78FC5B35630}.Release|Any CPU.ActiveCfg = Release|Any CPU
		{C8CB08F2-3386-4E5F-AB32-B78FC5B35630}.Release|Any CPU.Build.0 = Release|Any CPU
		{8F50E69F-5D5C-498F-89EC-60A05A2F959E}.Debug|Any CPU.ActiveCfg = Debug|Any CPU
		{8F50E69F-5D5C-498F-89EC-60A05A2F959E}.Debug|Any CPU.Build.0 = Debug|Any CPU
		{8F50E69F-5D5C-498F-89EC-60A05A2F959E}.Release|Any CPU.ActiveCfg = Release|Any CPU
		{8F50E69F-5D5C-498F-89EC-60A05A2F959E}.Release|Any CPU.Build.0 = Release|Any CPU
	EndGlobalSection
	GlobalSection(SolutionProperties) = preSolution
		HideSolutionNode = FALSE
	EndGlobalSection
	GlobalSection(ExtensibilityGlobals) = postSolution
		SolutionGuid = {CB3858E1-2479-4B0B-9270-023062607801}
	EndGlobalSection
EndGlobal
